// !$*UTF8*$!
{
	archiveVersion = 1;
	classes = {
	};
	objectVersion = 50;
	objects = {

/* Begin PBXBuildFile section */
		FB173B0F2187013C0003DDB9 /* GridView.swift in Sources */ = {isa = PBXBuildFile; fileRef = FB173B0E2187013C0003DDB9 /* GridView.swift */; };
		FB173B112187049A0003DDB9 /* UIColor+Additions.swift in Sources */ = {isa = PBXBuildFile; fileRef = FB173B102187049A0003DDB9 /* UIColor+Additions.swift */; };
		FB1EEE1521F4BF9D0011D7AF /* Board.swift in Sources */ = {isa = PBXBuildFile; fileRef = FB48493221627FF900D94355 /* Board.swift */; };
		FB1EEE1621F4BF9D0011D7AF /* GomokuRules.swift in Sources */ = {isa = PBXBuildFile; fileRef = FB5A380D21837CCB0036CBBE /* GomokuRules.swift */; };
		FB1EEE1721F4BF9D0011D7AF /* GridView.swift in Sources */ = {isa = PBXBuildFile; fileRef = FB173B0E2187013C0003DDB9 /* GridView.swift */; };
		FB1EEE1821F4BFAD0011D7AF /* UIColor+Additions.swift in Sources */ = {isa = PBXBuildFile; fileRef = FB173B102187049A0003DDB9 /* UIColor+Additions.swift */; };
		FB48490321627E7F00D94355 /* AppDelegate.swift in Sources */ = {isa = PBXBuildFile; fileRef = FB48490221627E7F00D94355 /* AppDelegate.swift */; };
		FB48490521627E7F00D94355 /* ViewController.swift in Sources */ = {isa = PBXBuildFile; fileRef = FB48490421627E7F00D94355 /* ViewController.swift */; };
		FB48490821627E7F00D94355 /* Main.storyboard in Resources */ = {isa = PBXBuildFile; fileRef = FB48490621627E7F00D94355 /* Main.storyboard */; };
		FB48490A21627E8000D94355 /* Assets.xcassets in Resources */ = {isa = PBXBuildFile; fileRef = FB48490921627E8000D94355 /* Assets.xcassets */; };
		FB48490D21627E8000D94355 /* LaunchScreen.storyboard in Resources */ = {isa = PBXBuildFile; fileRef = FB48490B21627E8000D94355 /* LaunchScreen.storyboard */; };
		FB48493121627F8500D94355 /* BoardTests.swift in Sources */ = {isa = PBXBuildFile; fileRef = FB48493021627F8500D94355 /* BoardTests.swift */; };
		FB48493321627FF900D94355 /* Board.swift in Sources */ = {isa = PBXBuildFile; fileRef = FB48493221627FF900D94355 /* Board.swift */; };
		FB5A380C21837AC20036CBBE /* GomokuRulesTests.swift in Sources */ = {isa = PBXBuildFile; fileRef = FB5A380B21837AC20036CBBE /* GomokuRulesTests.swift */; };
		FB5A380E21837CCB0036CBBE /* GomokuRules.swift in Sources */ = {isa = PBXBuildFile; fileRef = FB5A380D21837CCB0036CBBE /* GomokuRules.swift */; };
/* End PBXBuildFile section */

/* Begin PBXContainerItemProxy section */
		FB48491421627E8000D94355 /* PBXContainerItemProxy */ = {
			isa = PBXContainerItemProxy;
			containerPortal = FB4848F721627E7F00D94355 /* Project object */;
			proxyType = 1;
			remoteGlobalIDString = FB4848FE21627E7F00D94355;
			remoteInfo = Gomoku;
		};
/* End PBXContainerItemProxy section */

/* Begin PBXFileReference section */
		FB173B0E2187013C0003DDB9 /* GridView.swift */ = {isa = PBXFileReference; lastKnownFileType = sourcecode.swift; path = GridView.swift; sourceTree = "<group>"; };
		FB173B102187049A0003DDB9 /* UIColor+Additions.swift */ = {isa = PBXFileReference; lastKnownFileType = sourcecode.swift; path = "UIColor+Additions.swift"; sourceTree = "<group>"; };
		FB4848FF21627E7F00D94355 /* Gomoku.app */ = {isa = PBXFileReference; explicitFileType = wrapper.application; includeInIndex = 0; path = Gomoku.app; sourceTree = BUILT_PRODUCTS_DIR; };
		FB48490221627E7F00D94355 /* AppDelegate.swift */ = {isa = PBXFileReference; lastKnownFileType = sourcecode.swift; path = AppDelegate.swift; sourceTree = "<group>"; };
		FB48490421627E7F00D94355 /* ViewController.swift */ = {isa = PBXFileReference; lastKnownFileType = sourcecode.swift; path = ViewController.swift; sourceTree = "<group>"; };
		FB48490721627E7F00D94355 /* Base */ = {isa = PBXFileReference; lastKnownFileType = file.storyboard; name = Base; path = Base.lproj/Main.storyboard; sourceTree = "<group>"; };
		FB48490921627E8000D94355 /* Assets.xcassets */ = {isa = PBXFileReference; lastKnownFileType = folder.assetcatalog; path = Assets.xcassets; sourceTree = "<group>"; };
		FB48490C21627E8000D94355 /* Base */ = {isa = PBXFileReference; lastKnownFileType = file.storyboard; name = Base; path = Base.lproj/LaunchScreen.storyboard; sourceTree = "<group>"; };
		FB48490E21627E8000D94355 /* Info.plist */ = {isa = PBXFileReference; lastKnownFileType = text.plist.xml; path = Info.plist; sourceTree = "<group>"; };
		FB48491321627E8000D94355 /* GomokuTests.xctest */ = {isa = PBXFileReference; explicitFileType = wrapper.cfbundle; includeInIndex = 0; path = GomokuTests.xctest; sourceTree = BUILT_PRODUCTS_DIR; };
		FB48491921627E8000D94355 /* Info.plist */ = {isa = PBXFileReference; lastKnownFileType = text.plist.xml; path = Info.plist; sourceTree = "<group>"; };
		FB48492421627E8000D94355 /* Info.plist */ = {isa = PBXFileReference; lastKnownFileType = text.plist.xml; path = Info.plist; sourceTree = "<group>"; };
		FB48493021627F8500D94355 /* BoardTests.swift */ = {isa = PBXFileReference; lastKnownFileType = sourcecode.swift; path = BoardTests.swift; sourceTree = "<group>"; };
		FB48493221627FF900D94355 /* Board.swift */ = {isa = PBXFileReference; lastKnownFileType = sourcecode.swift; path = Board.swift; sourceTree = "<group>"; };
		FB5A380B21837AC20036CBBE /* GomokuRulesTests.swift */ = {isa = PBXFileReference; lastKnownFileType = sourcecode.swift; path = GomokuRulesTests.swift; sourceTree = "<group>"; };
		FB5A380D21837CCB0036CBBE /* GomokuRules.swift */ = {isa = PBXFileReference; lastKnownFileType = sourcecode.swift; path = GomokuRules.swift; sourceTree = "<group>"; };
/* End PBXFileReference section */

/* Begin PBXFrameworksBuildPhase section */
		FB4848FC21627E7F00D94355 /* Frameworks */ = {
			isa = PBXFrameworksBuildPhase;
			buildActionMask = 2147483647;
			files = (
			);
			runOnlyForDeploymentPostprocessing = 0;
		};
		FB48491021627E8000D94355 /* Frameworks */ = {
			isa = PBXFrameworksBuildPhase;
			buildActionMask = 2147483647;
			files = (
			);
			runOnlyForDeploymentPostprocessing = 0;
		};
/* End PBXFrameworksBuildPhase section */

/* Begin PBXGroup section */
		FB4848F621627E7F00D94355 = {
			isa = PBXGroup;
			children = (
				FB48490121627E7F00D94355 /* Gomoku */,
				FB48491621627E8000D94355 /* GomokuTests */,
				FB48492121627E8000D94355 /* GomokuUITests */,
				FB48490021627E7F00D94355 /* Products */,
			);
			sourceTree = "<group>";
		};
		FB48490021627E7F00D94355 /* Products */ = {
			isa = PBXGroup;
			children = (
				FB4848FF21627E7F00D94355 /* Gomoku.app */,
				FB48491321627E8000D94355 /* GomokuTests.xctest */,
			);
			name = Products;
			sourceTree = "<group>";
		};
		FB48490121627E7F00D94355 /* Gomoku */ = {
			isa = PBXGroup;
			children = (
				FB48490E21627E8000D94355 /* Info.plist */,
				FB48490221627E7F00D94355 /* AppDelegate.swift */,
				FB48493221627FF900D94355 /* Board.swift */,
				FB5A380D21837CCB0036CBBE /* GomokuRules.swift */,
				FB48490421627E7F00D94355 /* ViewController.swift */,
				FB48490921627E8000D94355 /* Assets.xcassets */,
				FB48490B21627E8000D94355 /* LaunchScreen.storyboard */,
				FB48490621627E7F00D94355 /* Main.storyboard */,
				FB173B0E2187013C0003DDB9 /* GridView.swift */,
				FB173B102187049A0003DDB9 /* UIColor+Additions.swift */,
			);
			path = Gomoku;
			sourceTree = "<group>";
		};
		FB48491621627E8000D94355 /* GomokuTests */ = {
			isa = PBXGroup;
			children = (
				FB48491921627E8000D94355 /* Info.plist */,
				FB48493021627F8500D94355 /* BoardTests.swift */,
				FB5A380B21837AC20036CBBE /* GomokuRulesTests.swift */,
			);
			path = GomokuTests;
			sourceTree = "<group>";
		};
		FB48492121627E8000D94355 /* GomokuUITests */ = {
			isa = PBXGroup;
			children = (
				FB48492421627E8000D94355 /* Info.plist */,
			);
			path = GomokuUITests;
			sourceTree = "<group>";
		};
/* End PBXGroup section */

/* Begin PBXNativeTarget section */
		FB4848FE21627E7F00D94355 /* Gomoku */ = {
			isa = PBXNativeTarget;
			buildConfigurationList = FB48492721627E8000D94355 /* Build configuration list for PBXNativeTarget "Gomoku" */;
			buildPhases = (
				FB4848FB21627E7F00D94355 /* Sources */,
				FB4848FC21627E7F00D94355 /* Frameworks */,
				FB4848FD21627E7F00D94355 /* Resources */,
			);
			buildRules = (
			);
			dependencies = (
			);
			name = Gomoku;
			productName = Gomoku;
			productReference = FB4848FF21627E7F00D94355 /* Gomoku.app */;
			productType = "com.apple.product-type.application";
		};
		FB48491221627E8000D94355 /* GomokuTests */ = {
			isa = PBXNativeTarget;
			buildConfigurationList = FB48492A21627E8000D94355 /* Build configuration list for PBXNativeTarget "GomokuTests" */;
			buildPhases = (
				FB48490F21627E8000D94355 /* Sources */,
				FB48491021627E8000D94355 /* Frameworks */,
				FB48491121627E8000D94355 /* Resources */,
			);
			buildRules = (
			);
			dependencies = (
				FB48491521627E8000D94355 /* PBXTargetDependency */,
			);
			name = GomokuTests;
			productName = GomokuTests;
			productReference = FB48491321627E8000D94355 /* GomokuTests.xctest */;
			productType = "com.apple.product-type.bundle.unit-test";
		};
/* End PBXNativeTarget section */

/* Begin PBXProject section */
		FB4848F721627E7F00D94355 /* Project object */ = {
			isa = PBXProject;
			attributes = {
				LastSwiftUpdateCheck = 1000;
				LastUpgradeCheck = 1000;
				ORGANIZATIONNAME = vrsj;
				TargetAttributes = {
					FB4848FE21627E7F00D94355 = {
						CreatedOnToolsVersion = 10.0;
					};
					FB48491221627E8000D94355 = {
						CreatedOnToolsVersion = 10.0;
						LastSwiftMigration = 1000;
					};
				};
			};
			buildConfigurationList = FB4848FA21627E7F00D94355 /* Build configuration list for PBXProject "Gomoku" */;
			compatibilityVersion = "Xcode 9.3";
			developmentRegion = en;
			hasScannedForEncodings = 0;
			knownRegions = (
				en,
				Base,
			);
			mainGroup = FB4848F621627E7F00D94355;
			productRefGroup = FB48490021627E7F00D94355 /* Products */;
			projectDirPath = "";
			projectRoot = "";
			targets = (
				FB4848FE21627E7F00D94355 /* Gomoku */,
				FB48491221627E8000D94355 /* GomokuTests */,
			);
		};
/* End PBXProject section */

/* Begin PBXResourcesBuildPhase section */
		FB4848FD21627E7F00D94355 /* Resources */ = {
			isa = PBXResourcesBuildPhase;
			buildActionMask = 2147483647;
			files = (
				FB48490D21627E8000D94355 /* LaunchScreen.storyboard in Resources */,
				FB48490A21627E8000D94355 /* Assets.xcassets in Resources */,
				FB48490821627E7F00D94355 /* Main.storyboard in Resources */,
			);
			runOnlyForDeploymentPostprocessing = 0;
		};
		FB48491121627E8000D94355 /* Resources */ = {
			isa = PBXResourcesBuildPhase;
			buildActionMask = 2147483647;
			files = (
			);
			runOnlyForDeploymentPostprocessing = 0;
		};
/* End PBXResourcesBuildPhase section */

/* Begin PBXSourcesBuildPhase section */
		FB4848FB21627E7F00D94355 /* Sources */ = {
			isa = PBXSourcesBuildPhase;
			buildActionMask = 2147483647;
			files = (
				FB48490521627E7F00D94355 /* ViewController.swift in Sources */,
				FB5A380E21837CCB0036CBBE /* GomokuRules.swift in Sources */,
				FB48490321627E7F00D94355 /* AppDelegate.swift in Sources */,
				FB173B0F2187013C0003DDB9 /* GridView.swift in Sources */,
				FB48493321627FF900D94355 /* Board.swift in Sources */,
				FB173B112187049A0003DDB9 /* UIColor+Additions.swift in Sources */,
			);
			runOnlyForDeploymentPostprocessing = 0;
		};
		FB48490F21627E8000D94355 /* Sources */ = {
			isa = PBXSourcesBuildPhase;
			buildActionMask = 2147483647;
			files = (
				FB1EEE1821F4BFAD0011D7AF /* UIColor+Additions.swift in Sources */,
				FB1EEE1521F4BF9D0011D7AF /* Board.swift in Sources */,
				FB1EEE1621F4BF9D0011D7AF /* GomokuRules.swift in Sources */,
				FB1EEE1721F4BF9D0011D7AF /* GridView.swift in Sources */,
				FB48493121627F8500D94355 /* BoardTests.swift in Sources */,
				FB5A380C21837AC20036CBBE /* GomokuRulesTests.swift in Sources */,
			);
			runOnlyForDeploymentPostprocessing = 0;
		};
/* End PBXSourcesBuildPhase section */

/* Begin PBXTargetDependency section */
		FB48491521627E8000D94355 /* PBXTargetDependency */ = {
			isa = PBXTargetDependency;
			target = FB4848FE21627E7F00D94355 /* Gomoku */;
			targetProxy = FB48491421627E8000D94355 /* PBXContainerItemProxy */;
		};
/* End PBXTargetDependency section */

/* Begin PBXVariantGroup section */
		FB48490621627E7F00D94355 /* Main.storyboard */ = {
			isa = PBXVariantGroup;
			children = (
				FB48490721627E7F00D94355 /* Base */,
			);
			name = Main.storyboard;
			sourceTree = "<group>";
		};
		FB48490B21627E8000D94355 /* LaunchScreen.storyboard */ = {
			isa = PBXVariantGroup;
			children = (
				FB48490C21627E8000D94355 /* Base */,
			);
			name = LaunchScreen.storyboard;
			sourceTree = "<group>";
		};
/* End PBXVariantGroup section */

/* Begin XCBuildConfiguration section */
		FB48492521627E8000D94355 /* Debug */ = {
			isa = XCBuildConfiguration;
			buildSettings = {
				ALWAYS_SEARCH_USER_PATHS = NO;
				CLANG_ANALYZER_NONNULL = YES;
				CLANG_ANALYZER_NUMBER_OBJECT_CONVERSION = YES_AGGRESSIVE;
				CLANG_CXX_LANGUAGE_STANDARD = "gnu++14";
				CLANG_CXX_LIBRARY = "libc++";
				CLANG_ENABLE_MODULES = YES;
				CLANG_ENABLE_OBJC_ARC = YES;
				CLANG_ENABLE_OBJC_WEAK = YES;
				CLANG_WARN_BLOCK_CAPTURE_AUTORELEASING = YES;
				CLANG_WARN_BOOL_CONVERSION = YES;
				CLANG_WARN_COMMA = YES;
				CLANG_WARN_CONSTANT_CONVERSION = YES;
				CLANG_WARN_DEPRECATED_OBJC_IMPLEMENTATIONS = YES;
				CLANG_WARN_DIRECT_OBJC_ISA_USAGE = YES_ERROR;
				CLANG_WARN_DOCUMENTATION_COMMENTS = YES;
				CLANG_WARN_EMPTY_BODY = YES;
				CLANG_WARN_ENUM_CONVERSION = YES;
				CLANG_WARN_INFINITE_RECURSION = YES;
				CLANG_WARN_INT_CONVERSION = YES;
				CLANG_WARN_NON_LITERAL_NULL_CONVERSION = YES;
				CLANG_WARN_OBJC_IMPLICIT_RETAIN_SELF = YES;
				CLANG_WARN_OBJC_LITERAL_CONVERSION = YES;
				CLANG_WARN_OBJC_ROOT_CLASS = YES_ERROR;
				CLANG_WARN_RANGE_LOOP_ANALYSIS = YES;
				CLANG_WARN_STRICT_PROTOTYPES = YES;
				CLANG_WARN_SUSPICIOUS_MOVE = YES;
				CLANG_WARN_UNGUARDED_AVAILABILITY = YES_AGGRESSIVE;
				CLANG_WARN_UNREACHABLE_CODE = YES;
				CLANG_WARN__DUPLICATE_METHOD_MATCH = YES;
				CODE_SIGN_IDENTITY = "iPhone Developer";
				COPY_PHASE_STRIP = NO;
				DEBUG_INFORMATION_FORMAT = dwarf;
				ENABLE_STRICT_OBJC_MSGSEND = YES;
				ENABLE_TESTABILITY = YES;
				GCC_C_LANGUAGE_STANDARD = gnu11;
				GCC_DYNAMIC_NO_PIC = NO;
				GCC_NO_COMMON_BLOCKS = YES;
				GCC_OPTIMIZATION_LEVEL = 0;
				GCC_PREPROCESSOR_DEFINITIONS = (
					"DEBUG=1",
					"$(inherited)",
				);
				GCC_WARN_64_TO_32_BIT_CONVERSION = YES;
				GCC_WARN_ABOUT_RETURN_TYPE = YES_ERROR;
				GCC_WARN_UNDECLARED_SELECTOR = YES;
				GCC_WARN_UNINITIALIZED_AUTOS = YES_AGGRESSIVE;
				GCC_WARN_UNUSED_FUNCTION = YES;
				GCC_WARN_UNUSED_VARIABLE = YES;
				IPHONEOS_DEPLOYMENT_TARGET = 12.0;
				MTL_ENABLE_DEBUG_INFO = INCLUDE_SOURCE;
				MTL_FAST_MATH = YES;
				ONLY_ACTIVE_ARCH = YES;
				SDKROOT = iphoneos;
				SWIFT_ACTIVE_COMPILATION_CONDITIONS = DEBUG;
				SWIFT_OPTIMIZATION_LEVEL = "-Onone";
			};
			name = Debug;
		};
		FB48492621627E8000D94355 /* Release */ = {
			isa = XCBuildConfiguration;
			buildSettings = {
				ALWAYS_SEARCH_USER_PATHS = NO;
				CLANG_ANALYZER_NONNULL = YES;
				CLANG_ANALYZER_NUMBER_OBJECT_CONVERSION = YES_AGGRESSIVE;
				CLANG_CXX_LANGUAGE_STANDARD = "gnu++14";
				CLANG_CXX_LIBRARY = "libc++";
				CLANG_ENABLE_MODULES = YES;
				CLANG_ENABLE_OBJC_ARC = YES;
				CLANG_ENABLE_OBJC_WEAK = YES;
				CLANG_WARN_BLOCK_CAPTURE_AUTORELEASING = YES;
				CLANG_WARN_BOOL_CONVERSION = YES;
				CLANG_WARN_COMMA = YES;
				CLANG_WARN_CONSTANT_CONVERSION = YES;
				CLANG_WARN_DEPRECATED_OBJC_IMPLEMENTATIONS = YES;
				CLANG_WARN_DIRECT_OBJC_ISA_USAGE = YES_ERROR;
				CLANG_WARN_DOCUMENTATION_COMMENTS = YES;
				CLANG_WARN_EMPTY_BODY = YES;
				CLANG_WARN_ENUM_CONVERSION = YES;
				CLANG_WARN_INFINITE_RECURSION = YES;
				CLANG_WARN_INT_CONVERSION = YES;
				CLANG_WARN_NON_LITERAL_NULL_CONVERSION = YES;
				CLANG_WARN_OBJC_IMPLICIT_RETAIN_SELF = YES;
				CLANG_WARN_OBJC_LITERAL_CONVERSION = YES;
				CLANG_WARN_OBJC_ROOT_CLASS = YES_ERROR;
				CLANG_WARN_RANGE_LOOP_ANALYSIS = YES;
				CLANG_WARN_STRICT_PROTOTYPES = YES;
				CLANG_WARN_SUSPICIOUS_MOVE = YES;
				CLANG_WARN_UNGUARDED_AVAILABILITY = YES_AGGRESSIVE;
				CLANG_WARN_UNREACHABLE_CODE = YES;
				CLANG_WARN__DUPLICATE_METHOD_MATCH = YES;
				CODE_SIGN_IDENTITY = "iPhone Developer";
				COPY_PHASE_STRIP = NO;
				DEBUG_INFORMATION_FORMAT = "dwarf-with-dsym";
				ENABLE_NS_ASSERTIONS = NO;
				ENABLE_STRICT_OBJC_MSGSEND = YES;
				GCC_C_LANGUAGE_STANDARD = gnu11;
				GCC_NO_COMMON_BLOCKS = YES;
				GCC_WARN_64_TO_32_BIT_CONVERSION = YES;
				GCC_WARN_ABOUT_RETURN_TYPE = YES_ERROR;
				GCC_WARN_UNDECLARED_SELECTOR = YES;
				GCC_WARN_UNINITIALIZED_AUTOS = YES_AGGRESSIVE;
				GCC_WARN_UNUSED_FUNCTION = YES;
				GCC_WARN_UNUSED_VARIABLE = YES;
				IPHONEOS_DEPLOYMENT_TARGET = 12.0;
				MTL_ENABLE_DEBUG_INFO = NO;
				MTL_FAST_MATH = YES;
				SDKROOT = iphoneos;
				SWIFT_COMPILATION_MODE = wholemodule;
				SWIFT_OPTIMIZATION_LEVEL = "-O";
				VALIDATE_PRODUCT = YES;
			};
			name = Release;
		};
		FB48492821627E8000D94355 /* Debug */ = {
			isa = XCBuildConfiguration;
			buildSettings = {
				ASSETCATALOG_COMPILER_APPICON_NAME = AppIcon;
				CODE_SIGN_STYLE = Automatic;
				DEVELOPMENT_TEAM = 3GGDA583PP;
				INFOPLIST_FILE = Gomoku/Info.plist;
				LD_RUNPATH_SEARCH_PATHS = (
					"$(inherited)",
					"@executable_path/Frameworks",
				);
				PRODUCT_BUNDLE_IDENTIFIER = com.vrsj.Gomoku;
				PRODUCT_NAME = "$(TARGET_NAME)";
				SWIFT_VERSION = 4.2;
				TARGETED_DEVICE_FAMILY = "1,2";
			};
			name = Debug;
		};
		FB48492921627E8000D94355 /* Release */ = {
			isa = XCBuildConfiguration;
			buildSettings = {
				ASSETCATALOG_COMPILER_APPICON_NAME = AppIcon;
				CODE_SIGN_STYLE = Automatic;
				DEVELOPMENT_TEAM = 3GGDA583PP;
				INFOPLIST_FILE = Gomoku/Info.plist;
				LD_RUNPATH_SEARCH_PATHS = (
					"$(inherited)",
					"@executable_path/Frameworks",
				);
				PRODUCT_BUNDLE_IDENTIFIER = com.vrsj.Gomoku;
				PRODUCT_NAME = "$(TARGET_NAME)";
				SWIFT_VERSION = 4.2;
				TARGETED_DEVICE_FAMILY = "1,2";
			};
			name = Release;
		};
		FB48492B21627E8000D94355 /* Debug */ = {
			isa = XCBuildConfiguration;
			buildSettings = {
				ALWAYS_EMBED_SWIFT_STANDARD_LIBRARIES = YES;
				CLANG_ENABLE_MODULES = YES;
				CODE_SIGN_STYLE = Automatic;
				DEVELOPMENT_TEAM = 3GGDA583PP;
				INFOPLIST_FILE = GomokuTests/Info.plist;
				LD_RUNPATH_SEARCH_PATHS = (
					"$(inherited)",
					"@executable_path/Frameworks",
					"@loader_path/Frameworks",
				);
				PRODUCT_BUNDLE_IDENTIFIER = com.vrsj.GomokuTests;
				PRODUCT_NAME = "$(TARGET_NAME)";
				SWIFT_OPTIMIZATION_LEVEL = "-Onone";
				SWIFT_VERSION = 4.2;
				TARGETED_DEVICE_FAMILY = "1,2";
			};
			name = Debug;
		};
		FB48492C21627E8000D94355 /* Release */ = {
			isa = XCBuildConfiguration;
			buildSettings = {
				ALWAYS_EMBED_SWIFT_STANDARD_LIBRARIES = YES;
				CLANG_ENABLE_MODULES = YES;
				CODE_SIGN_STYLE = Automatic;
				DEVELOPMENT_TEAM = 3GGDA583PP;
				INFOPLIST_FILE = GomokuTests/Info.plist;
				LD_RUNPATH_SEARCH_PATHS = (
					"$(inherited)",
					"@executable_path/Frameworks",
					"@loader_path/Frameworks",
				);
				PRODUCT_BUNDLE_IDENTIFIER = com.vrsj.GomokuTests;
				PRODUCT_NAME = "$(TARGET_NAME)";
				SWIFT_VERSION = 4.2;
				TARGETED_DEVICE_FAMILY = "1,2";
			};
			name = Release;
		};
/* End XCBuildConfiguration section */

/* Begin XCConfigurationList section */
		FB4848FA21627E7F00D94355 /* Build configuration list for PBXProject "Gomoku" */ = {
			isa = XCConfigurationList;
			buildConfigurations = (
				FB48492521627E8000D94355 /* Debug */,
				FB48492621627E8000D94355 /* Release */,
			);
			defaultConfigurationIsVisible = 0;
			defaultConfigurationName = Release;
		};
		FB48492721627E8000D94355 /* Build configuration list for PBXNativeTarget "Gomoku" */ = {
			isa = XCConfigurationList;
			buildConfigurations = (
				FB48492821627E8000D94355 /* Debug */,
				FB48492921627E8000D94355 /* Release */,
			);
			defaultConfigurationIsVisible = 0;
			defaultConfigurationName = Release;
		};
		FB48492A21627E8000D94355 /* Build configuration list for PBXNativeTarget "GomokuTests" */ = {
			isa = XCConfigurationList;
			buildConfigurations = (
				FB48492B21627E8000D94355 /* Debug */,
				FB48492C21627E8000D94355 /* Release */,
			);
			defaultConfigurationIsVisible = 0;
			defaultConfigurationName = Release;
		};
/* End XCConfigurationList section */
	};
	rootObject = FB4848F721627E7F00D94355 /* Project object */;
}
